
Microsoft Visual Studio Solution File, Format Version 12.00
# Visual Studio Version 17
VisualStudioVersion = 17.10.34928.147
MinimumVisualStudioVersion = 10.0.40219.1
Project("{FAE04EC0-301F-11D3-BF4B-00C04F79EFBC}") = "ePizzaDelivery.Entities", "ePizzaDelivery.Entities\ePizzaDelivery.Entities.csproj", "{F474BEBF-C1D0-49F0-9604-AA0A56E90FCD}"
EndProject
Project("{FAE04EC0-301F-11D3-BF4B-00C04F79EFBC}") = "ePizzaDelivery.Repositories", "ePizzaDelivery.Repositories\ePizzaDelivery.Repositories.csproj", "{B06A6C4F-78A6-4678-A4F4-8E38321B090A}"
EndProject
Project("{FAE04EC0-301F-11D3-BF4B-00C04F79EFBC}") = "ePizzaDelivery.Services", "ePizzaDelivery.Services\ePizzaDelivery.Services.csproj", "{65DEB2EA-09CA-42BE-888B-D053F006BAE5}"
EndProject
Project("{FAE04EC0-301F-11D3-BF4B-00C04F79EFBC}") = "ePizzaDelivery.Web", "ePizzaDelivery.Web\ePizzaDelivery.Web.csproj", "{CC96D7B3-1EFD-4356-B539-AED3180EA02C}"
EndProject
Global
	GlobalSection(SolutionConfigurationPlatforms) = preSolution
		Debug|Any CPU = Debug|Any CPU
		Release|Any CPU = Release|Any CPU
	EndGlobalSection
	GlobalSection(ProjectConfigurationPlatforms) = postSolution
		{F474BEBF-C1D0-49F0-9604-AA0A56E90FCD}.Debug|Any CPU.ActiveCfg = Debug|Any CPU
		{F474BEBF-C1D0-49F0-9604-AA0A56E90FCD}.Debug|Any CPU.Build.0 = Debug|Any CPU
		{F474BEBF-C1D0-49F0-9604-AA0A56E90FCD}.Release|Any CPU.ActiveCfg = Release|Any CPU
		{F474BEBF-C1D0-49F0-9604-AA0A56E90FCD}.Release|Any CPU.Build.0 = Release|Any CPU
		{B06A6C4F-78A6-4678-A4F4-8E38321B090A}.Debug|Any CPU.ActiveCfg = Debug|Any CPU
		{B06A6C4F-78A6-4678-A4F4-8E38321B090A}.Debug|Any CPU.Build.0 = Debug|Any CPU
		{B06A6C4F-78A6-4678-A4F4-8E38321B090A}.Release|Any CPU.ActiveCfg = Release|Any CPU
		{B06A6C4F-78A6-4678-A4F4-8E38321B090A}.Release|Any CPU.Build.0 = Release|Any CPU
		{65DEB2EA-09CA-42BE-888B-D053F006BAE5}.Debug|Any CPU.ActiveCfg = Debug|Any CPU
		{65DEB2EA-09CA-42BE-888B-D053F006BAE5}.Debug|Any CPU.Build.0 = Debug|Any CPU
		{65DEB2EA-09CA-42BE-888B-D053F006BAE5}.Release|Any CPU.ActiveCfg = Release|Any CPU
		{65DEB2EA-09CA-42BE-888B-D053F006BAE5}.Release|Any CPU.Build.0 = Release|Any CPU
		{CC96D7B3-1EFD-4356-B539-AED3180EA02C}.Debug|Any CPU.ActiveCfg = Debug|Any CPU
		{CC96D7B3-1EFD-4356-B539-AED3180EA02C}.Debug|Any CPU.Build.0 = Debug|Any CPU
		{CC96D7B3-1EFD-4356-B539-AED3180EA02C}.Release|Any CPU.ActiveCfg = Release|Any CPU
		{CC96D7B3-1EFD-4356-B539-AED3180EA02C}.Release|Any CPU.Build.0 = Release|Any CPU
	EndGlobalSection
	GlobalSection(SolutionProperties) = preSolution
		HideSolutionNode = FALSE
	EndGlobalSection
	GlobalSection(ExtensibilityGlobals) = postSolution
		SolutionGuid = {D06E91F1-9E0E-4D26-8321-CC6C0111A2E9}
	EndGlobalSection
EndGlobal
